// !$*UTF8*$!
{
	archiveVersion = 1;
	classes = {
	};
	objectVersion = 51;
	objects = {

/* Begin PBXBuildFile section */
		1CA268ED8CAB701AE3ED67DF /* Pods_Saitynas_App_Saitynas_AppUITests.framework in Frameworks */ = {isa = PBXBuildFile; fileRef = 2C54F8997991B2E65F55F3B7 /* Pods_Saitynas_App_Saitynas_AppUITests.framework */; };
		86328E1B26E68B5F00A904DD /* SaitynasApp.swift in Sources */ = {isa = PBXBuildFile; fileRef = 86328E1A26E68B5F00A904DD /* SaitynasApp.swift */; };
		86328E1D26E68B5F00A904DD /* AuthenticationView.swift in Sources */ = {isa = PBXBuildFile; fileRef = 86328E1C26E68B5F00A904DD /* AuthenticationView.swift */; };
		86328E1F26E68B6000A904DD /* Assets.xcassets in Resources */ = {isa = PBXBuildFile; fileRef = 86328E1E26E68B6000A904DD /* Assets.xcassets */; };
		86328E2226E68B6000A904DD /* Preview Assets.xcassets in Resources */ = {isa = PBXBuildFile; fileRef = 86328E2126E68B6000A904DD /* Preview Assets.xcassets */; };
		86328E2D26E68B6000A904DD /* Saitynas_AppTests.swift in Sources */ = {isa = PBXBuildFile; fileRef = 86328E2C26E68B6000A904DD /* Saitynas_AppTests.swift */; };
		86328E3826E68B6000A904DD /* Saitynas_AppUITests.swift in Sources */ = {isa = PBXBuildFile; fileRef = 86328E3726E68B6000A904DD /* Saitynas_AppUITests.swift */; };
		86C3F10A2731DC060010802B /* ApiClient.swift in Sources */ = {isa = PBXBuildFile; fileRef = 86C3F1092731DC060010802B /* ApiClient.swift */; };
		86C3F10D2731DD730010802B /* Message.swift in Sources */ = {isa = PBXBuildFile; fileRef = 86C3F10C2731DD730010802B /* Message.swift */; };
		86C3F10F2731DDD30010802B /* Meta.swift in Sources */ = {isa = PBXBuildFile; fileRef = 86C3F10E2731DDD30010802B /* Meta.swift */; };
		86C3F1112731DE0C0010802B /* MessageViewModel.swift in Sources */ = {isa = PBXBuildFile; fileRef = 86C3F1102731DE0C0010802B /* MessageViewModel.swift */; };
		86C3F1132731E1D30010802B /* Communicator.swift in Sources */ = {isa = PBXBuildFile; fileRef = 86C3F1122731E1D30010802B /* Communicator.swift */; };
		86C3F1152731F29B0010802B /* Bootstrapper.swift in Sources */ = {isa = PBXBuildFile; fileRef = 86C3F1142731F29B0010802B /* Bootstrapper.swift */; };
		86C3F1182731F4470010802B /* DIContainer.swift in Sources */ = {isa = PBXBuildFile; fileRef = 86C3F1172731F4470010802B /* DIContainer.swift */; };
		86C3F11A2731FA5C0010802B /* Error.swift in Sources */ = {isa = PBXBuildFile; fileRef = 86C3F1192731FA5C0010802B /* Error.swift */; };
		86C3F12227329B0A0010802B /* LoginView.swift in Sources */ = {isa = PBXBuildFile; fileRef = 86C3F12127329B0A0010802B /* LoginView.swift */; };
		86C3F12427329CA70010802B /* SignupView.swift in Sources */ = {isa = PBXBuildFile; fileRef = 86C3F12327329CA70010802B /* SignupView.swift */; };
		86C3F1262732A1650010802B /* InputField.swift in Sources */ = {isa = PBXBuildFile; fileRef = 86C3F1252732A1650010802B /* InputField.swift */; };
		86C3F12A273443670010802B /* AuthenticationManager.swift in Sources */ = {isa = PBXBuildFile; fileRef = 86C3F129273443670010802B /* AuthenticationManager.swift */; };
		86C3F12C2734440E0010802B /* ContainerProtocol.swift in Sources */ = {isa = PBXBuildFile; fileRef = 86C3F12B2734440E0010802B /* ContainerProtocol.swift */; };
		86C3F12E273446B00010802B /* LoginViewModel.swift in Sources */ = {isa = PBXBuildFile; fileRef = 86C3F12D273446AF0010802B /* LoginViewModel.swift */; };
		86DF00012734A31000B1D5F6 /* AccessCommunicator.swift in Sources */ = {isa = PBXBuildFile; fileRef = 86DF00002734A31000B1D5F6 /* AccessCommunicator.swift */; };
		86DF00032734A56A00B1D5F6 /* AccessTokens.swift in Sources */ = {isa = PBXBuildFile; fileRef = 86DF00022734A56A00B1D5F6 /* AccessTokens.swift */; };
		86DF000627351AE400B1D5F6 /* KeyValueStorageProtocol.swift in Sources */ = {isa = PBXBuildFile; fileRef = 86DF000527351AE400B1D5F6 /* KeyValueStorageProtocol.swift */; };
		86DF000827351B6D00B1D5F6 /* KeychainStorage.swift in Sources */ = {isa = PBXBuildFile; fileRef = 86DF000727351B6D00B1D5F6 /* KeychainStorage.swift */; };
		86DF000A2735201000B1D5F6 /* UserTokensRepository.swift in Sources */ = {isa = PBXBuildFile; fileRef = 86DF00092735201000B1D5F6 /* UserTokensRepository.swift */; };
		86DF000C27352A3600B1D5F6 /* UserView.swift in Sources */ = {isa = PBXBuildFile; fileRef = 86DF000B27352A3600B1D5F6 /* UserView.swift */; };
		86DF00112739727400B1D5F6 /* PrimaryButtonStyle.swift in Sources */ = {isa = PBXBuildFile; fileRef = 86DF00102739727400B1D5F6 /* PrimaryButtonStyle.swift */; };
		86DF00132739731800B1D5F6 /* UIConstants.swift in Sources */ = {isa = PBXBuildFile; fileRef = 86DF00122739731800B1D5F6 /* UIConstants.swift */; };
		86DF0015273973C200B1D5F6 /* SecondaryButtonStyle.swift in Sources */ = {isa = PBXBuildFile; fileRef = 86DF0014273973C200B1D5F6 /* SecondaryButtonStyle.swift */; };
		86DF001A2739796200B1D5F6 /* ColorExtensions.swift in Sources */ = {isa = PBXBuildFile; fileRef = 86DF00192739796200B1D5F6 /* ColorExtensions.swift */; };
		9DE01F16953DEB86131438FE /* Pods_Saitynas_AppTests.framework in Frameworks */ = {isa = PBXBuildFile; fileRef = B507A48D3E4299FCF0BB1D6C /* Pods_Saitynas_AppTests.framework */; };
		F1002D0130FA6D30642AA6F4 /* Pods_Saitynas_App.framework in Frameworks */ = {isa = PBXBuildFile; fileRef = 2E6E8DF6022474B8F2E733C3 /* Pods_Saitynas_App.framework */; };
/* End PBXBuildFile section */

/* Begin PBXContainerItemProxy section */
		86328E2926E68B6000A904DD /* PBXContainerItemProxy */ = {
			isa = PBXContainerItemProxy;
			containerPortal = 86328E0F26E68B5F00A904DD /* Project object */;
			proxyType = 1;
			remoteGlobalIDString = 86328E1626E68B5F00A904DD;
			remoteInfo = Saitynas_App;
		};
		86328E3426E68B6000A904DD /* PBXContainerItemProxy */ = {
			isa = PBXContainerItemProxy;
			containerPortal = 86328E0F26E68B5F00A904DD /* Project object */;
			proxyType = 1;
			remoteGlobalIDString = 86328E1626E68B5F00A904DD;
			remoteInfo = Saitynas_App;
		};
/* End PBXContainerItemProxy section */

/* Begin PBXFileReference section */
		1607E147A5DC72174B3C6E07 /* Pods-Saitynas_App.debug.xcconfig */ = {isa = PBXFileReference; includeInIndex = 1; lastKnownFileType = text.xcconfig; name = "Pods-Saitynas_App.debug.xcconfig"; path = "Target Support Files/Pods-Saitynas_App/Pods-Saitynas_App.debug.xcconfig"; sourceTree = "<group>"; };
		2C54F8997991B2E65F55F3B7 /* Pods_Saitynas_App_Saitynas_AppUITests.framework */ = {isa = PBXFileReference; explicitFileType = wrapper.framework; includeInIndex = 0; path = Pods_Saitynas_App_Saitynas_AppUITests.framework; sourceTree = BUILT_PRODUCTS_DIR; };
		2E6E8DF6022474B8F2E733C3 /* Pods_Saitynas_App.framework */ = {isa = PBXFileReference; explicitFileType = wrapper.framework; includeInIndex = 0; path = Pods_Saitynas_App.framework; sourceTree = BUILT_PRODUCTS_DIR; };
		2EEB1AF240ED47B545664E53 /* Pods-Saitynas_AppTests.debug.xcconfig */ = {isa = PBXFileReference; includeInIndex = 1; lastKnownFileType = text.xcconfig; name = "Pods-Saitynas_AppTests.debug.xcconfig"; path = "Target Support Files/Pods-Saitynas_AppTests/Pods-Saitynas_AppTests.debug.xcconfig"; sourceTree = "<group>"; };
		86328E1726E68B5F00A904DD /* Saitynas_App.app */ = {isa = PBXFileReference; explicitFileType = wrapper.application; includeInIndex = 0; path = Saitynas_App.app; sourceTree = BUILT_PRODUCTS_DIR; };
		86328E1A26E68B5F00A904DD /* SaitynasApp.swift */ = {isa = PBXFileReference; lastKnownFileType = sourcecode.swift; path = SaitynasApp.swift; sourceTree = "<group>"; };
		86328E1C26E68B5F00A904DD /* AuthenticationView.swift */ = {isa = PBXFileReference; lastKnownFileType = sourcecode.swift; path = AuthenticationView.swift; sourceTree = "<group>"; };
		86328E1E26E68B6000A904DD /* Assets.xcassets */ = {isa = PBXFileReference; lastKnownFileType = folder.assetcatalog; path = Assets.xcassets; sourceTree = "<group>"; };
		86328E2126E68B6000A904DD /* Preview Assets.xcassets */ = {isa = PBXFileReference; lastKnownFileType = folder.assetcatalog; path = "Preview Assets.xcassets"; sourceTree = "<group>"; };
		86328E2326E68B6000A904DD /* Info.plist */ = {isa = PBXFileReference; lastKnownFileType = text.plist.xml; path = Info.plist; sourceTree = "<group>"; };
		86328E2826E68B6000A904DD /* Saitynas_AppTests.xctest */ = {isa = PBXFileReference; explicitFileType = wrapper.cfbundle; includeInIndex = 0; path = Saitynas_AppTests.xctest; sourceTree = BUILT_PRODUCTS_DIR; };
		86328E2C26E68B6000A904DD /* Saitynas_AppTests.swift */ = {isa = PBXFileReference; lastKnownFileType = sourcecode.swift; path = Saitynas_AppTests.swift; sourceTree = "<group>"; };
		86328E2E26E68B6000A904DD /* Info.plist */ = {isa = PBXFileReference; lastKnownFileType = text.plist.xml; path = Info.plist; sourceTree = "<group>"; };
		86328E3326E68B6000A904DD /* Saitynas_AppUITests.xctest */ = {isa = PBXFileReference; explicitFileType = wrapper.cfbundle; includeInIndex = 0; path = Saitynas_AppUITests.xctest; sourceTree = BUILT_PRODUCTS_DIR; };
		86328E3726E68B6000A904DD /* Saitynas_AppUITests.swift */ = {isa = PBXFileReference; lastKnownFileType = sourcecode.swift; path = Saitynas_AppUITests.swift; sourceTree = "<group>"; };
		86328E3926E68B6000A904DD /* Info.plist */ = {isa = PBXFileReference; lastKnownFileType = text.plist.xml; path = Info.plist; sourceTree = "<group>"; };
		86C3F1092731DC060010802B /* ApiClient.swift */ = {isa = PBXFileReference; lastKnownFileType = sourcecode.swift; path = ApiClient.swift; sourceTree = "<group>"; };
		86C3F10C2731DD730010802B /* Message.swift */ = {isa = PBXFileReference; lastKnownFileType = sourcecode.swift; path = Message.swift; sourceTree = "<group>"; };
		86C3F10E2731DDD30010802B /* Meta.swift */ = {isa = PBXFileReference; lastKnownFileType = sourcecode.swift; path = Meta.swift; sourceTree = "<group>"; };
		86C3F1102731DE0C0010802B /* MessageViewModel.swift */ = {isa = PBXFileReference; lastKnownFileType = sourcecode.swift; path = MessageViewModel.swift; sourceTree = "<group>"; };
		86C3F1122731E1D30010802B /* Communicator.swift */ = {isa = PBXFileReference; lastKnownFileType = sourcecode.swift; path = Communicator.swift; sourceTree = "<group>"; };
		86C3F1142731F29B0010802B /* Bootstrapper.swift */ = {isa = PBXFileReference; lastKnownFileType = sourcecode.swift; path = Bootstrapper.swift; sourceTree = "<group>"; };
		86C3F1172731F4470010802B /* DIContainer.swift */ = {isa = PBXFileReference; lastKnownFileType = sourcecode.swift; path = DIContainer.swift; sourceTree = "<group>"; };
		86C3F1192731FA5C0010802B /* Error.swift */ = {isa = PBXFileReference; lastKnownFileType = sourcecode.swift; path = Error.swift; sourceTree = "<group>"; };
		86C3F12127329B0A0010802B /* LoginView.swift */ = {isa = PBXFileReference; lastKnownFileType = sourcecode.swift; path = LoginView.swift; sourceTree = "<group>"; };
		86C3F12327329CA70010802B /* SignupView.swift */ = {isa = PBXFileReference; lastKnownFileType = sourcecode.swift; path = SignupView.swift; sourceTree = "<group>"; };
		86C3F1252732A1650010802B /* InputField.swift */ = {isa = PBXFileReference; lastKnownFileType = sourcecode.swift; path = InputField.swift; sourceTree = "<group>"; };
		86C3F129273443670010802B /* AuthenticationManager.swift */ = {isa = PBXFileReference; lastKnownFileType = sourcecode.swift; path = AuthenticationManager.swift; sourceTree = "<group>"; };
		86C3F12B2734440E0010802B /* ContainerProtocol.swift */ = {isa = PBXFileReference; lastKnownFileType = sourcecode.swift; path = ContainerProtocol.swift; sourceTree = "<group>"; };
		86C3F12D273446AF0010802B /* LoginViewModel.swift */ = {isa = PBXFileReference; lastKnownFileType = sourcecode.swift; path = LoginViewModel.swift; sourceTree = "<group>"; };
		86DF00002734A31000B1D5F6 /* AccessCommunicator.swift */ = {isa = PBXFileReference; lastKnownFileType = sourcecode.swift; path = AccessCommunicator.swift; sourceTree = "<group>"; };
		86DF00022734A56A00B1D5F6 /* AccessTokens.swift */ = {isa = PBXFileReference; lastKnownFileType = sourcecode.swift; path = AccessTokens.swift; sourceTree = "<group>"; };
		86DF000527351AE400B1D5F6 /* KeyValueStorageProtocol.swift */ = {isa = PBXFileReference; lastKnownFileType = sourcecode.swift; path = KeyValueStorageProtocol.swift; sourceTree = "<group>"; };
		86DF000727351B6D00B1D5F6 /* KeychainStorage.swift */ = {isa = PBXFileReference; lastKnownFileType = sourcecode.swift; path = KeychainStorage.swift; sourceTree = "<group>"; };
		86DF00092735201000B1D5F6 /* UserTokensRepository.swift */ = {isa = PBXFileReference; lastKnownFileType = sourcecode.swift; path = UserTokensRepository.swift; sourceTree = "<group>"; };
		86DF000B27352A3600B1D5F6 /* UserView.swift */ = {isa = PBXFileReference; lastKnownFileType = sourcecode.swift; path = UserView.swift; sourceTree = "<group>"; };
		86DF00102739727400B1D5F6 /* PrimaryButtonStyle.swift */ = {isa = PBXFileReference; lastKnownFileType = sourcecode.swift; path = PrimaryButtonStyle.swift; sourceTree = "<group>"; };
		86DF00122739731800B1D5F6 /* UIConstants.swift */ = {isa = PBXFileReference; lastKnownFileType = sourcecode.swift; path = UIConstants.swift; sourceTree = "<group>"; };
		86DF0014273973C200B1D5F6 /* SecondaryButtonStyle.swift */ = {isa = PBXFileReference; lastKnownFileType = sourcecode.swift; path = SecondaryButtonStyle.swift; sourceTree = "<group>"; };
		86DF00192739796200B1D5F6 /* ColorExtensions.swift */ = {isa = PBXFileReference; lastKnownFileType = sourcecode.swift; path = ColorExtensions.swift; sourceTree = "<group>"; };
		910C339F3A1186CFA69A06E6 /* Pods-Saitynas_App-Saitynas_AppUITests.debug.xcconfig */ = {isa = PBXFileReference; includeInIndex = 1; lastKnownFileType = text.xcconfig; name = "Pods-Saitynas_App-Saitynas_AppUITests.debug.xcconfig"; path = "Target Support Files/Pods-Saitynas_App-Saitynas_AppUITests/Pods-Saitynas_App-Saitynas_AppUITests.debug.xcconfig"; sourceTree = "<group>"; };
		B507A48D3E4299FCF0BB1D6C /* Pods_Saitynas_AppTests.framework */ = {isa = PBXFileReference; explicitFileType = wrapper.framework; includeInIndex = 0; path = Pods_Saitynas_AppTests.framework; sourceTree = BUILT_PRODUCTS_DIR; };
		CD77155FEF9C765E2F0CC815 /* Pods-Saitynas_App.release.xcconfig */ = {isa = PBXFileReference; includeInIndex = 1; lastKnownFileType = text.xcconfig; name = "Pods-Saitynas_App.release.xcconfig"; path = "Target Support Files/Pods-Saitynas_App/Pods-Saitynas_App.release.xcconfig"; sourceTree = "<group>"; };
		E8C80ED2C884833EFEB8257F /* Pods-Saitynas_AppTests.release.xcconfig */ = {isa = PBXFileReference; includeInIndex = 1; lastKnownFileType = text.xcconfig; name = "Pods-Saitynas_AppTests.release.xcconfig"; path = "Target Support Files/Pods-Saitynas_AppTests/Pods-Saitynas_AppTests.release.xcconfig"; sourceTree = "<group>"; };
		FF74237CF5CCB6A64FACB0F1 /* Pods-Saitynas_App-Saitynas_AppUITests.release.xcconfig */ = {isa = PBXFileReference; includeInIndex = 1; lastKnownFileType = text.xcconfig; name = "Pods-Saitynas_App-Saitynas_AppUITests.release.xcconfig"; path = "Target Support Files/Pods-Saitynas_App-Saitynas_AppUITests/Pods-Saitynas_App-Saitynas_AppUITests.release.xcconfig"; sourceTree = "<group>"; };
/* End PBXFileReference section */

/* Begin PBXFrameworksBuildPhase section */
		86328E1426E68B5F00A904DD /* Frameworks */ = {
			isa = PBXFrameworksBuildPhase;
			buildActionMask = 2147483647;
			files = (
				F1002D0130FA6D30642AA6F4 /* Pods_Saitynas_App.framework in Frameworks */,
			);
			runOnlyForDeploymentPostprocessing = 0;
		};
		86328E2526E68B6000A904DD /* Frameworks */ = {
			isa = PBXFrameworksBuildPhase;
			buildActionMask = 2147483647;
			files = (
				9DE01F16953DEB86131438FE /* Pods_Saitynas_AppTests.framework in Frameworks */,
			);
			runOnlyForDeploymentPostprocessing = 0;
		};
		86328E3026E68B6000A904DD /* Frameworks */ = {
			isa = PBXFrameworksBuildPhase;
			buildActionMask = 2147483647;
			files = (
				1CA268ED8CAB701AE3ED67DF /* Pods_Saitynas_App_Saitynas_AppUITests.framework in Frameworks */,
			);
			runOnlyForDeploymentPostprocessing = 0;
		};
/* End PBXFrameworksBuildPhase section */

/* Begin PBXGroup section */
		86328E0E26E68B5F00A904DD = {
			isa = PBXGroup;
			children = (
				86328E1926E68B5F00A904DD /* Saitynas_App */,
				86328E2B26E68B6000A904DD /* Saitynas_AppTests */,
				86328E3626E68B6000A904DD /* Saitynas_AppUITests */,
				86328E1826E68B5F00A904DD /* Products */,
				BA703F95E8682EF0CB0EDDA6 /* Pods */,
				AA2541D28790C86CD09E4C47 /* Frameworks */,
			);
			sourceTree = "<group>";
		};
		86328E1826E68B5F00A904DD /* Products */ = {
			isa = PBXGroup;
			children = (
				86328E1726E68B5F00A904DD /* Saitynas_App.app */,
				86328E2826E68B6000A904DD /* Saitynas_AppTests.xctest */,
				86328E3326E68B6000A904DD /* Saitynas_AppUITests.xctest */,
			);
			name = Products;
			sourceTree = "<group>";
		};
		86328E1926E68B5F00A904DD /* Saitynas_App */ = {
			isa = PBXGroup;
			children = (
				86B06E062731B5DF0016FFF0 /* Services */,
				86B06E072731B5EF0016FFF0 /* Models */,
				86B06E052731B5D50016FFF0 /* View Models */,
				86B06E042731B5C00016FFF0 /* UI */,
				86328E1A26E68B5F00A904DD /* SaitynasApp.swift */,
				86328E1E26E68B6000A904DD /* Assets.xcassets */,
				86328E2326E68B6000A904DD /* Info.plist */,
				86328E2026E68B6000A904DD /* Preview Content */,
			);
			path = Saitynas_App;
			sourceTree = "<group>";
		};
		86328E2026E68B6000A904DD /* Preview Content */ = {
			isa = PBXGroup;
			children = (
				86328E2126E68B6000A904DD /* Preview Assets.xcassets */,
			);
			path = "Preview Content";
			sourceTree = "<group>";
		};
		86328E2B26E68B6000A904DD /* Saitynas_AppTests */ = {
			isa = PBXGroup;
			children = (
				86328E2C26E68B6000A904DD /* Saitynas_AppTests.swift */,
				86328E2E26E68B6000A904DD /* Info.plist */,
			);
			path = Saitynas_AppTests;
			sourceTree = "<group>";
		};
		86328E3626E68B6000A904DD /* Saitynas_AppUITests */ = {
			isa = PBXGroup;
			children = (
				86328E3726E68B6000A904DD /* Saitynas_AppUITests.swift */,
				86328E3926E68B6000A904DD /* Info.plist */,
			);
			path = Saitynas_AppUITests;
			sourceTree = "<group>";
		};
		86B06E042731B5C00016FFF0 /* UI */ = {
			isa = PBXGroup;
			children = (
				86DF00122739731800B1D5F6 /* UIConstants.swift */,
				86DF00182739795000B1D5F6 /* Extensions */,
				86DF000F2739720600B1D5F6 /* Styles */,
				86C3F12027329AF90010802B /* Authentication */,
				86C3F11B2732943B0010802B /* Componenets */,
				86328E1C26E68B5F00A904DD /* AuthenticationView.swift */,
				86DF000B27352A3600B1D5F6 /* UserView.swift */,
			);
			path = UI;
			sourceTree = "<group>";
		};
		86B06E052731B5D50016FFF0 /* View Models */ = {
			isa = PBXGroup;
			children = (
				86C3F1102731DE0C0010802B /* MessageViewModel.swift */,
				86C3F12D273446AF0010802B /* LoginViewModel.swift */,
			);
			path = "View Models";
			sourceTree = "<group>";
		};
		86B06E062731B5DF0016FFF0 /* Services */ = {
			isa = PBXGroup;
			children = (
				86DF000427351AB900B1D5F6 /* Storage */,
				86C3F1162731F42A0010802B /* DependencyInjention */,
				86C3F1082731DBF30010802B /* Networking */,
				86C3F129273443670010802B /* AuthenticationManager.swift */,
			);
			path = Services;
			sourceTree = "<group>";
		};
		86B06E072731B5EF0016FFF0 /* Models */ = {
			isa = PBXGroup;
			children = (
				86C3F10B2731DD450010802B /* API */,
			);
			path = Models;
			sourceTree = "<group>";
		};
		86C3F1082731DBF30010802B /* Networking */ = {
			isa = PBXGroup;
			children = (
				86C3F1092731DC060010802B /* ApiClient.swift */,
				86C3F1122731E1D30010802B /* Communicator.swift */,
				86DF00002734A31000B1D5F6 /* AccessCommunicator.swift */,
			);
			path = Networking;
			sourceTree = "<group>";
		};
		86C3F10B2731DD450010802B /* API */ = {
			isa = PBXGroup;
			children = (
				86C3F10C2731DD730010802B /* Message.swift */,
				86C3F10E2731DDD30010802B /* Meta.swift */,
				86C3F1192731FA5C0010802B /* Error.swift */,
				86DF00022734A56A00B1D5F6 /* AccessTokens.swift */,
			);
			path = API;
			sourceTree = "<group>";
		};
		86C3F1162731F42A0010802B /* DependencyInjention */ = {
			isa = PBXGroup;
			children = (
				86C3F1142731F29B0010802B /* Bootstrapper.swift */,
				86C3F1172731F4470010802B /* DIContainer.swift */,
				86C3F12B2734440E0010802B /* ContainerProtocol.swift */,
			);
			path = DependencyInjention;
			sourceTree = "<group>";
		};
		86C3F11B2732943B0010802B /* Componenets */ = {
			isa = PBXGroup;
			children = (
				86C3F1252732A1650010802B /* InputField.swift */,
			);
			path = Componenets;
			sourceTree = "<group>";
		};
		86C3F12027329AF90010802B /* Authentication */ = {
			isa = PBXGroup;
			children = (
				86C3F12127329B0A0010802B /* LoginView.swift */,
				86C3F12327329CA70010802B /* SignupView.swift */,
			);
			path = Authentication;
			sourceTree = "<group>";
		};
		86DF000427351AB900B1D5F6 /* Storage */ = {
			isa = PBXGroup;
			children = (
				86DF000527351AE400B1D5F6 /* KeyValueStorageProtocol.swift */,
				86DF000727351B6D00B1D5F6 /* KeychainStorage.swift */,
				86DF00092735201000B1D5F6 /* UserTokensRepository.swift */,
			);
			path = Storage;
			sourceTree = "<group>";
		};
		86DF000F2739720600B1D5F6 /* Styles */ = {
			isa = PBXGroup;
			children = (
				86DF00102739727400B1D5F6 /* PrimaryButtonStyle.swift */,
				86DF0014273973C200B1D5F6 /* SecondaryButtonStyle.swift */,
			);
			path = Styles;
			sourceTree = "<group>";
		};
		86DF00182739795000B1D5F6 /* Extensions */ = {
			isa = PBXGroup;
			children = (
				86DF00192739796200B1D5F6 /* ColorExtensions.swift */,
			);
			path = Extensions;
			sourceTree = "<group>";
		};
		AA2541D28790C86CD09E4C47 /* Frameworks */ = {
			isa = PBXGroup;
			children = (
				2E6E8DF6022474B8F2E733C3 /* Pods_Saitynas_App.framework */,
				2C54F8997991B2E65F55F3B7 /* Pods_Saitynas_App_Saitynas_AppUITests.framework */,
				B507A48D3E4299FCF0BB1D6C /* Pods_Saitynas_AppTests.framework */,
			);
			name = Frameworks;
			sourceTree = "<group>";
		};
		BA703F95E8682EF0CB0EDDA6 /* Pods */ = {
			isa = PBXGroup;
			children = (
				1607E147A5DC72174B3C6E07 /* Pods-Saitynas_App.debug.xcconfig */,
				CD77155FEF9C765E2F0CC815 /* Pods-Saitynas_App.release.xcconfig */,
				910C339F3A1186CFA69A06E6 /* Pods-Saitynas_App-Saitynas_AppUITests.debug.xcconfig */,
				FF74237CF5CCB6A64FACB0F1 /* Pods-Saitynas_App-Saitynas_AppUITests.release.xcconfig */,
				2EEB1AF240ED47B545664E53 /* Pods-Saitynas_AppTests.debug.xcconfig */,
				E8C80ED2C884833EFEB8257F /* Pods-Saitynas_AppTests.release.xcconfig */,
			);
			path = Pods;
			sourceTree = "<group>";
		};
/* End PBXGroup section */

/* Begin PBXNativeTarget section */
		86328E1626E68B5F00A904DD /* Saitynas_App */ = {
			isa = PBXNativeTarget;
			buildConfigurationList = 86328E3C26E68B6000A904DD /* Build configuration list for PBXNativeTarget "Saitynas_App" */;
			buildPhases = (
				B46A2F0F48A2644AC959E741 /* [CP] Check Pods Manifest.lock */,
				86328E1326E68B5F00A904DD /* Sources */,
				86328E1426E68B5F00A904DD /* Frameworks */,
				86328E1526E68B5F00A904DD /* Resources */,
				ED02B5A6C5F252FAD31DF80F /* [CP] Embed Pods Frameworks */,
			);
			buildRules = (
			);
			dependencies = (
			);
			name = Saitynas_App;
			productName = Saitynas_App;
			productReference = 86328E1726E68B5F00A904DD /* Saitynas_App.app */;
			productType = "com.apple.product-type.application";
		};
		86328E2726E68B6000A904DD /* Saitynas_AppTests */ = {
			isa = PBXNativeTarget;
			buildConfigurationList = 86328E3F26E68B6000A904DD /* Build configuration list for PBXNativeTarget "Saitynas_AppTests" */;
			buildPhases = (
				8FB25C69405D7B10255D88C5 /* [CP] Check Pods Manifest.lock */,
				86328E2426E68B6000A904DD /* Sources */,
				86328E2526E68B6000A904DD /* Frameworks */,
				86328E2626E68B6000A904DD /* Resources */,
			);
			buildRules = (
			);
			dependencies = (
				86328E2A26E68B6000A904DD /* PBXTargetDependency */,
			);
			name = Saitynas_AppTests;
			productName = Saitynas_AppTests;
			productReference = 86328E2826E68B6000A904DD /* Saitynas_AppTests.xctest */;
			productType = "com.apple.product-type.bundle.unit-test";
		};
		86328E3226E68B6000A904DD /* Saitynas_AppUITests */ = {
			isa = PBXNativeTarget;
			buildConfigurationList = 86328E4226E68B6000A904DD /* Build configuration list for PBXNativeTarget "Saitynas_AppUITests" */;
			buildPhases = (
				F147F92E754188DE4D4231B1 /* [CP] Check Pods Manifest.lock */,
				86328E2F26E68B6000A904DD /* Sources */,
				86328E3026E68B6000A904DD /* Frameworks */,
				86328E3126E68B6000A904DD /* Resources */,
				1303AD4D2CAF33C371761487 /* [CP] Embed Pods Frameworks */,
			);
			buildRules = (
			);
			dependencies = (
				86328E3526E68B6000A904DD /* PBXTargetDependency */,
			);
			name = Saitynas_AppUITests;
			productName = Saitynas_AppUITests;
			productReference = 86328E3326E68B6000A904DD /* Saitynas_AppUITests.xctest */;
			productType = "com.apple.product-type.bundle.ui-testing";
		};
/* End PBXNativeTarget section */

/* Begin PBXProject section */
		86328E0F26E68B5F00A904DD /* Project object */ = {
			isa = PBXProject;
			attributes = {
				LastSwiftUpdateCheck = 1250;
				LastUpgradeCheck = 1250;
				TargetAttributes = {
					86328E1626E68B5F00A904DD = {
						CreatedOnToolsVersion = 12.5.1;
					};
					86328E2726E68B6000A904DD = {
						CreatedOnToolsVersion = 12.5.1;
						TestTargetID = 86328E1626E68B5F00A904DD;
					};
					86328E3226E68B6000A904DD = {
						CreatedOnToolsVersion = 12.5.1;
						TestTargetID = 86328E1626E68B5F00A904DD;
					};
				};
			};
			buildConfigurationList = 86328E1226E68B5F00A904DD /* Build configuration list for PBXProject "Saitynas_App" */;
			compatibilityVersion = "Xcode 9.3";
			developmentRegion = en;
			hasScannedForEncodings = 0;
			knownRegions = (
				en,
				Base,
			);
			mainGroup = 86328E0E26E68B5F00A904DD;
			productRefGroup = 86328E1826E68B5F00A904DD /* Products */;
			projectDirPath = "";
			projectRoot = "";
			targets = (
				86328E1626E68B5F00A904DD /* Saitynas_App */,
				86328E2726E68B6000A904DD /* Saitynas_AppTests */,
				86328E3226E68B6000A904DD /* Saitynas_AppUITests */,
			);
		};
/* End PBXProject section */

/* Begin PBXResourcesBuildPhase section */
		86328E1526E68B5F00A904DD /* Resources */ = {
			isa = PBXResourcesBuildPhase;
			buildActionMask = 2147483647;
			files = (
				86328E2226E68B6000A904DD /* Preview Assets.xcassets in Resources */,
				86328E1F26E68B6000A904DD /* Assets.xcassets in Resources */,
			);
			runOnlyForDeploymentPostprocessing = 0;
		};
		86328E2626E68B6000A904DD /* Resources */ = {
			isa = PBXResourcesBuildPhase;
			buildActionMask = 2147483647;
			files = (
			);
			runOnlyForDeploymentPostprocessing = 0;
		};
		86328E3126E68B6000A904DD /* Resources */ = {
			isa = PBXResourcesBuildPhase;
			buildActionMask = 2147483647;
			files = (
			);
			runOnlyForDeploymentPostprocessing = 0;
		};
/* End PBXResourcesBuildPhase section */

/* Begin PBXShellScriptBuildPhase section */
		1303AD4D2CAF33C371761487 /* [CP] Embed Pods Frameworks */ = {
			isa = PBXShellScriptBuildPhase;
			buildActionMask = 2147483647;
			files = (
			);
			inputFileListPaths = (
				"${PODS_ROOT}/Target Support Files/Pods-Saitynas_App-Saitynas_AppUITests/Pods-Saitynas_App-Saitynas_AppUITests-frameworks-${CONFIGURATION}-input-files.xcfilelist",
			);
			name = "[CP] Embed Pods Frameworks";
			outputFileListPaths = (
				"${PODS_ROOT}/Target Support Files/Pods-Saitynas_App-Saitynas_AppUITests/Pods-Saitynas_App-Saitynas_AppUITests-frameworks-${CONFIGURATION}-output-files.xcfilelist",
			);
			runOnlyForDeploymentPostprocessing = 0;
			shellPath = /bin/sh;
			shellScript = "\"${PODS_ROOT}/Target Support Files/Pods-Saitynas_App-Saitynas_AppUITests/Pods-Saitynas_App-Saitynas_AppUITests-frameworks.sh\"\n";
			showEnvVarsInLog = 0;
		};
		8FB25C69405D7B10255D88C5 /* [CP] Check Pods Manifest.lock */ = {
			isa = PBXShellScriptBuildPhase;
			buildActionMask = 2147483647;
			files = (
			);
			inputFileListPaths = (
			);
			inputPaths = (
				"${PODS_PODFILE_DIR_PATH}/Podfile.lock",
				"${PODS_ROOT}/Manifest.lock",
			);
			name = "[CP] Check Pods Manifest.lock";
			outputFileListPaths = (
			);
			outputPaths = (
				"$(DERIVED_FILE_DIR)/Pods-Saitynas_AppTests-checkManifestLockResult.txt",
			);
			runOnlyForDeploymentPostprocessing = 0;
			shellPath = /bin/sh;
			shellScript = "diff \"${PODS_PODFILE_DIR_PATH}/Podfile.lock\" \"${PODS_ROOT}/Manifest.lock\" > /dev/null\nif [ $? != 0 ] ; then\n    # print error to STDERR\n    echo \"error: The sandbox is not in sync with the Podfile.lock. Run 'pod install' or update your CocoaPods installation.\" >&2\n    exit 1\nfi\n# This output is used by Xcode 'outputs' to avoid re-running this script phase.\necho \"SUCCESS\" > \"${SCRIPT_OUTPUT_FILE_0}\"\n";
			showEnvVarsInLog = 0;
		};
		B46A2F0F48A2644AC959E741 /* [CP] Check Pods Manifest.lock */ = {
			isa = PBXShellScriptBuildPhase;
			buildActionMask = 2147483647;
			files = (
			);
			inputFileListPaths = (
			);
			inputPaths = (
				"${PODS_PODFILE_DIR_PATH}/Podfile.lock",
				"${PODS_ROOT}/Manifest.lock",
			);
			name = "[CP] Check Pods Manifest.lock";
			outputFileListPaths = (
			);
			outputPaths = (
				"$(DERIVED_FILE_DIR)/Pods-Saitynas_App-checkManifestLockResult.txt",
			);
			runOnlyForDeploymentPostprocessing = 0;
			shellPath = /bin/sh;
			shellScript = "diff \"${PODS_PODFILE_DIR_PATH}/Podfile.lock\" \"${PODS_ROOT}/Manifest.lock\" > /dev/null\nif [ $? != 0 ] ; then\n    # print error to STDERR\n    echo \"error: The sandbox is not in sync with the Podfile.lock. Run 'pod install' or update your CocoaPods installation.\" >&2\n    exit 1\nfi\n# This output is used by Xcode 'outputs' to avoid re-running this script phase.\necho \"SUCCESS\" > \"${SCRIPT_OUTPUT_FILE_0}\"\n";
			showEnvVarsInLog = 0;
		};
		ED02B5A6C5F252FAD31DF80F /* [CP] Embed Pods Frameworks */ = {
			isa = PBXShellScriptBuildPhase;
			buildActionMask = 2147483647;
			files = (
			);
			inputFileListPaths = (
				"${PODS_ROOT}/Target Support Files/Pods-Saitynas_App/Pods-Saitynas_App-frameworks-${CONFIGURATION}-input-files.xcfilelist",
			);
			name = "[CP] Embed Pods Frameworks";
			outputFileListPaths = (
				"${PODS_ROOT}/Target Support Files/Pods-Saitynas_App/Pods-Saitynas_App-frameworks-${CONFIGURATION}-output-files.xcfilelist",
			);
			runOnlyForDeploymentPostprocessing = 0;
			shellPath = /bin/sh;
			shellScript = "\"${PODS_ROOT}/Target Support Files/Pods-Saitynas_App/Pods-Saitynas_App-frameworks.sh\"\n";
			showEnvVarsInLog = 0;
		};
		F147F92E754188DE4D4231B1 /* [CP] Check Pods Manifest.lock */ = {
			isa = PBXShellScriptBuildPhase;
			buildActionMask = 2147483647;
			files = (
			);
			inputFileListPaths = (
			);
			inputPaths = (
				"${PODS_PODFILE_DIR_PATH}/Podfile.lock",
				"${PODS_ROOT}/Manifest.lock",
			);
			name = "[CP] Check Pods Manifest.lock";
			outputFileListPaths = (
			);
			outputPaths = (
				"$(DERIVED_FILE_DIR)/Pods-Saitynas_App-Saitynas_AppUITests-checkManifestLockResult.txt",
			);
			runOnlyForDeploymentPostprocessing = 0;
			shellPath = /bin/sh;
			shellScript = "diff \"${PODS_PODFILE_DIR_PATH}/Podfile.lock\" \"${PODS_ROOT}/Manifest.lock\" > /dev/null\nif [ $? != 0 ] ; then\n    # print error to STDERR\n    echo \"error: The sandbox is not in sync with the Podfile.lock. Run 'pod install' or update your CocoaPods installation.\" >&2\n    exit 1\nfi\n# This output is used by Xcode 'outputs' to avoid re-running this script phase.\necho \"SUCCESS\" > \"${SCRIPT_OUTPUT_FILE_0}\"\n";
			showEnvVarsInLog = 0;
		};
/* End PBXShellScriptBuildPhase section */

/* Begin PBXSourcesBuildPhase section */
		86328E1326E68B5F00A904DD /* Sources */ = {
			isa = PBXSourcesBuildPhase;
			buildActionMask = 2147483647;
			files = (
				86C3F12427329CA70010802B /* SignupView.swift in Sources */,
				86DF00032734A56A00B1D5F6 /* AccessTokens.swift in Sources */,
				86DF000C27352A3600B1D5F6 /* UserView.swift in Sources */,
				86DF00012734A31000B1D5F6 /* AccessCommunicator.swift in Sources */,
				86328E1D26E68B5F00A904DD /* AuthenticationView.swift in Sources */,
				86DF0015273973C200B1D5F6 /* SecondaryButtonStyle.swift in Sources */,
				86DF000A2735201000B1D5F6 /* UserTokensRepository.swift in Sources */,
				86C3F10D2731DD730010802B /* Message.swift in Sources */,
				86C3F1152731F29B0010802B /* Bootstrapper.swift in Sources */,
				86C3F1132731E1D30010802B /* Communicator.swift in Sources */,
				86328E1B26E68B5F00A904DD /* SaitynasApp.swift in Sources */,
				86C3F12C2734440E0010802B /* ContainerProtocol.swift in Sources */,
				86C3F1262732A1650010802B /* InputField.swift in Sources */,
				86DF000627351AE400B1D5F6 /* KeyValueStorageProtocol.swift in Sources */,
				86C3F12A273443670010802B /* AuthenticationManager.swift in Sources */,
				86C3F10F2731DDD30010802B /* Meta.swift in Sources */,
				86C3F1112731DE0C0010802B /* MessageViewModel.swift in Sources */,
				86C3F1182731F4470010802B /* DIContainer.swift in Sources */,
				86DF00132739731800B1D5F6 /* UIConstants.swift in Sources */,
				86DF00112739727400B1D5F6 /* PrimaryButtonStyle.swift in Sources */,
				86C3F12227329B0A0010802B /* LoginView.swift in Sources */,
				86C3F11A2731FA5C0010802B /* Error.swift in Sources */,
				86DF001A2739796200B1D5F6 /* ColorExtensions.swift in Sources */,
				86C3F12E273446B00010802B /* LoginViewModel.swift in Sources */,
				86C3F10A2731DC060010802B /* ApiClient.swift in Sources */,
				86DF000827351B6D00B1D5F6 /* KeychainStorage.swift in Sources */,
			);
			runOnlyForDeploymentPostprocessing = 0;
		};
		86328E2426E68B6000A904DD /* Sources */ = {
			isa = PBXSourcesBuildPhase;
			buildActionMask = 2147483647;
			files = (
				86328E2D26E68B6000A904DD /* Saitynas_AppTests.swift in Sources */,
			);
			runOnlyForDeploymentPostprocessing = 0;
		};
		86328E2F26E68B6000A904DD /* Sources */ = {
			isa = PBXSourcesBuildPhase;
			buildActionMask = 2147483647;
			files = (
				86328E3826E68B6000A904DD /* Saitynas_AppUITests.swift in Sources */,
			);
			runOnlyForDeploymentPostprocessing = 0;
		};
/* End PBXSourcesBuildPhase section */

/* Begin PBXTargetDependency section */
		86328E2A26E68B6000A904DD /* PBXTargetDependency */ = {
			isa = PBXTargetDependency;
			target = 86328E1626E68B5F00A904DD /* Saitynas_App */;
			targetProxy = 86328E2926E68B6000A904DD /* PBXContainerItemProxy */;
		};
		86328E3526E68B6000A904DD /* PBXTargetDependency */ = {
			isa = PBXTargetDependency;
			target = 86328E1626E68B5F00A904DD /* Saitynas_App */;
			targetProxy = 86328E3426E68B6000A904DD /* PBXContainerItemProxy */;
		};
/* End PBXTargetDependency section */

/* Begin XCBuildConfiguration section */
		86328E3A26E68B6000A904DD /* Debug */ = {
			isa = XCBuildConfiguration;
			buildSettings = {
				ALWAYS_SEARCH_USER_PATHS = NO;
				CLANG_ANALYZER_NONNULL = YES;
				CLANG_ANALYZER_NUMBER_OBJECT_CONVERSION = YES_AGGRESSIVE;
				CLANG_CXX_LANGUAGE_STANDARD = "gnu++14";
				CLANG_CXX_LIBRARY = "libc++";
				CLANG_ENABLE_MODULES = YES;
				CLANG_ENABLE_OBJC_ARC = YES;
				CLANG_ENABLE_OBJC_WEAK = YES;
				CLANG_WARN_BLOCK_CAPTURE_AUTORELEASING = YES;
				CLANG_WARN_BOOL_CONVERSION = YES;
				CLANG_WARN_COMMA = YES;
				CLANG_WARN_CONSTANT_CONVERSION = YES;
				CLANG_WARN_DEPRECATED_OBJC_IMPLEMENTATIONS = YES;
				CLANG_WARN_DIRECT_OBJC_ISA_USAGE = YES_ERROR;
				CLANG_WARN_DOCUMENTATION_COMMENTS = YES;
				CLANG_WARN_EMPTY_BODY = YES;
				CLANG_WARN_ENUM_CONVERSION = YES;
				CLANG_WARN_INFINITE_RECURSION = YES;
				CLANG_WARN_INT_CONVERSION = YES;
				CLANG_WARN_NON_LITERAL_NULL_CONVERSION = YES;
				CLANG_WARN_OBJC_IMPLICIT_RETAIN_SELF = YES;
				CLANG_WARN_OBJC_LITERAL_CONVERSION = YES;
				CLANG_WARN_OBJC_ROOT_CLASS = YES_ERROR;
				CLANG_WARN_QUOTED_INCLUDE_IN_FRAMEWORK_HEADER = YES;
				CLANG_WARN_RANGE_LOOP_ANALYSIS = YES;
				CLANG_WARN_STRICT_PROTOTYPES = YES;
				CLANG_WARN_SUSPICIOUS_MOVE = YES;
				CLANG_WARN_UNGUARDED_AVAILABILITY = YES_AGGRESSIVE;
				CLANG_WARN_UNREACHABLE_CODE = YES;
				CLANG_WARN__DUPLICATE_METHOD_MATCH = YES;
				COPY_PHASE_STRIP = NO;
				DEBUG_INFORMATION_FORMAT = dwarf;
				ENABLE_STRICT_OBJC_MSGSEND = YES;
				ENABLE_TESTABILITY = YES;
				GCC_C_LANGUAGE_STANDARD = gnu11;
				GCC_DYNAMIC_NO_PIC = NO;
				GCC_NO_COMMON_BLOCKS = YES;
				GCC_OPTIMIZATION_LEVEL = 0;
				GCC_PREPROCESSOR_DEFINITIONS = (
					"DEBUG=1",
					"$(inherited)",
				);
				GCC_WARN_64_TO_32_BIT_CONVERSION = YES;
				GCC_WARN_ABOUT_RETURN_TYPE = YES_ERROR;
				GCC_WARN_UNDECLARED_SELECTOR = YES;
				GCC_WARN_UNINITIALIZED_AUTOS = YES_AGGRESSIVE;
				GCC_WARN_UNUSED_FUNCTION = YES;
				GCC_WARN_UNUSED_VARIABLE = YES;
				IPHONEOS_DEPLOYMENT_TARGET = 14.5;
				MTL_ENABLE_DEBUG_INFO = INCLUDE_SOURCE;
				MTL_FAST_MATH = YES;
				ONLY_ACTIVE_ARCH = YES;
				SDKROOT = iphoneos;
				SWIFT_ACTIVE_COMPILATION_CONDITIONS = DEBUG;
				SWIFT_OPTIMIZATION_LEVEL = "-Onone";
			};
			name = Debug;
		};
		86328E3B26E68B6000A904DD /* Release */ = {
			isa = XCBuildConfiguration;
			buildSettings = {
				ALWAYS_SEARCH_USER_PATHS = NO;
				CLANG_ANALYZER_NONNULL = YES;
				CLANG_ANALYZER_NUMBER_OBJECT_CONVERSION = YES_AGGRESSIVE;
				CLANG_CXX_LANGUAGE_STANDARD = "gnu++14";
				CLANG_CXX_LIBRARY = "libc++";
				CLANG_ENABLE_MODULES = YES;
				CLANG_ENABLE_OBJC_ARC = YES;
				CLANG_ENABLE_OBJC_WEAK = YES;
				CLANG_WARN_BLOCK_CAPTURE_AUTORELEASING = YES;
				CLANG_WARN_BOOL_CONVERSION = YES;
				CLANG_WARN_COMMA = YES;
				CLANG_WARN_CONSTANT_CONVERSION = YES;
				CLANG_WARN_DEPRECATED_OBJC_IMPLEMENTATIONS = YES;
				CLANG_WARN_DIRECT_OBJC_ISA_USAGE = YES_ERROR;
				CLANG_WARN_DOCUMENTATION_COMMENTS = YES;
				CLANG_WARN_EMPTY_BODY = YES;
				CLANG_WARN_ENUM_CONVERSION = YES;
				CLANG_WARN_INFINITE_RECURSION = YES;
				CLANG_WARN_INT_CONVERSION = YES;
				CLANG_WARN_NON_LITERAL_NULL_CONVERSION = YES;
				CLANG_WARN_OBJC_IMPLICIT_RETAIN_SELF = YES;
				CLANG_WARN_OBJC_LITERAL_CONVERSION = YES;
				CLANG_WARN_OBJC_ROOT_CLASS = YES_ERROR;
				CLANG_WARN_QUOTED_INCLUDE_IN_FRAMEWORK_HEADER = YES;
				CLANG_WARN_RANGE_LOOP_ANALYSIS = YES;
				CLANG_WARN_STRICT_PROTOTYPES = YES;
				CLANG_WARN_SUSPICIOUS_MOVE = YES;
				CLANG_WARN_UNGUARDED_AVAILABILITY = YES_AGGRESSIVE;
				CLANG_WARN_UNREACHABLE_CODE = YES;
				CLANG_WARN__DUPLICATE_METHOD_MATCH = YES;
				COPY_PHASE_STRIP = NO;
				DEBUG_INFORMATION_FORMAT = "dwarf-with-dsym";
				ENABLE_NS_ASSERTIONS = NO;
				ENABLE_STRICT_OBJC_MSGSEND = YES;
				GCC_C_LANGUAGE_STANDARD = gnu11;
				GCC_NO_COMMON_BLOCKS = YES;
				GCC_WARN_64_TO_32_BIT_CONVERSION = YES;
				GCC_WARN_ABOUT_RETURN_TYPE = YES_ERROR;
				GCC_WARN_UNDECLARED_SELECTOR = YES;
				GCC_WARN_UNINITIALIZED_AUTOS = YES_AGGRESSIVE;
				GCC_WARN_UNUSED_FUNCTION = YES;
				GCC_WARN_UNUSED_VARIABLE = YES;
				IPHONEOS_DEPLOYMENT_TARGET = 14.5;
				MTL_ENABLE_DEBUG_INFO = NO;
				MTL_FAST_MATH = YES;
				SDKROOT = iphoneos;
				SWIFT_COMPILATION_MODE = wholemodule;
				SWIFT_OPTIMIZATION_LEVEL = "-O";
				VALIDATE_PRODUCT = YES;
			};
			name = Release;
		};
		86328E3D26E68B6000A904DD /* Debug */ = {
			isa = XCBuildConfiguration;
			baseConfigurationReference = 1607E147A5DC72174B3C6E07 /* Pods-Saitynas_App.debug.xcconfig */;
			buildSettings = {
				ASSETCATALOG_COMPILER_APPICON_NAME = AppIcon;
				ASSETCATALOG_COMPILER_GLOBAL_ACCENT_COLOR_NAME = AccentColor;
				CODE_SIGN_STYLE = Automatic;
				DEVELOPMENT_ASSET_PATHS = "\"Saitynas_App/Preview Content\"";
				DEVELOPMENT_TEAM = 23Q3TDVZ8T;
				ENABLE_PREVIEWS = YES;
				INFOPLIST_FILE = Saitynas_App/Info.plist;
				IPHONEOS_DEPLOYMENT_TARGET = 15.0;
				LD_RUNPATH_SEARCH_PATHS = (
					"$(inherited)",
					"@executable_path/Frameworks",
				);
				PRODUCT_BUNDLE_IDENTIFIER = "edu.ktu.Saitynas-App";
				PRODUCT_NAME = "$(TARGET_NAME)";
				SWIFT_VERSION = 5.0;
				TARGETED_DEVICE_FAMILY = "1,2";
			};
			name = Debug;
		};
		86328E3E26E68B6000A904DD /* Release */ = {
			isa = XCBuildConfiguration;
			baseConfigurationReference = CD77155FEF9C765E2F0CC815 /* Pods-Saitynas_App.release.xcconfig */;
			buildSettings = {
				ASSETCATALOG_COMPILER_APPICON_NAME = AppIcon;
				ASSETCATALOG_COMPILER_GLOBAL_ACCENT_COLOR_NAME = AccentColor;
				CODE_SIGN_STYLE = Automatic;
				DEVELOPMENT_ASSET_PATHS = "\"Saitynas_App/Preview Content\"";
				DEVELOPMENT_TEAM = 23Q3TDVZ8T;
				ENABLE_PREVIEWS = YES;
				INFOPLIST_FILE = Saitynas_App/Info.plist;
				IPHONEOS_DEPLOYMENT_TARGET = 15.0;
				LD_RUNPATH_SEARCH_PATHS = (
					"$(inherited)",
					"@executable_path/Frameworks",
				);
				PRODUCT_BUNDLE_IDENTIFIER = "edu.ktu.Saitynas-App";
				PRODUCT_NAME = "$(TARGET_NAME)";
				SWIFT_VERSION = 5.0;
				TARGETED_DEVICE_FAMILY = "1,2";
			};
			name = Release;
		};
		86328E4026E68B6000A904DD /* Debug */ = {
			isa = XCBuildConfiguration;
			baseConfigurationReference = 2EEB1AF240ED47B545664E53 /* Pods-Saitynas_AppTests.debug.xcconfig */;
			buildSettings = {
				ALWAYS_EMBED_SWIFT_STANDARD_LIBRARIES = YES;
				BUNDLE_LOADER = "$(TEST_HOST)";
				CODE_SIGN_STYLE = Automatic;
				DEVELOPMENT_TEAM = 23Q3TDVZ8T;
				INFOPLIST_FILE = Saitynas_AppTests/Info.plist;
				IPHONEOS_DEPLOYMENT_TARGET = 15.0;
				LD_RUNPATH_SEARCH_PATHS = (
					"$(inherited)",
					"@executable_path/Frameworks",
					"@loader_path/Frameworks",
				);
				PRODUCT_BUNDLE_IDENTIFIER = "edu.ktu.Saitynas-AppTests";
				PRODUCT_NAME = "$(TARGET_NAME)";
				SWIFT_VERSION = 5.0;
				TARGETED_DEVICE_FAMILY = "1,2";
				TEST_HOST = "$(BUILT_PRODUCTS_DIR)/Saitynas_App.app/Saitynas_App";
			};
			name = Debug;
		};
		86328E4126E68B6000A904DD /* Release */ = {
			isa = XCBuildConfiguration;
			baseConfigurationReference = E8C80ED2C884833EFEB8257F /* Pods-Saitynas_AppTests.release.xcconfig */;
			buildSettings = {
				ALWAYS_EMBED_SWIFT_STANDARD_LIBRARIES = YES;
				BUNDLE_LOADER = "$(TEST_HOST)";
				CODE_SIGN_STYLE = Automatic;
				DEVELOPMENT_TEAM = 23Q3TDVZ8T;
				INFOPLIST_FILE = Saitynas_AppTests/Info.plist;
				IPHONEOS_DEPLOYMENT_TARGET = 15.0;
				LD_RUNPATH_SEARCH_PATHS = (
					"$(inherited)",
					"@executable_path/Frameworks",
					"@loader_path/Frameworks",
				);
				PRODUCT_BUNDLE_IDENTIFIER = "edu.ktu.Saitynas-AppTests";
				PRODUCT_NAME = "$(TARGET_NAME)";
				SWIFT_VERSION = 5.0;
				TARGETED_DEVICE_FAMILY = "1,2";
				TEST_HOST = "$(BUILT_PRODUCTS_DIR)/Saitynas_App.app/Saitynas_App";
			};
			name = Release;
		};
		86328E4326E68B6000A904DD /* Debug */ = {
			isa = XCBuildConfiguration;
			baseConfigurationReference = 910C339F3A1186CFA69A06E6 /* Pods-Saitynas_App-Saitynas_AppUITests.debug.xcconfig */;
			buildSettings = {
				ALWAYS_EMBED_SWIFT_STANDARD_LIBRARIES = YES;
				CODE_SIGN_STYLE = Automatic;
				DEVELOPMENT_TEAM = 23Q3TDVZ8T;
				INFOPLIST_FILE = Saitynas_AppUITests/Info.plist;
				LD_RUNPATH_SEARCH_PATHS = (
					"$(inherited)",
					"@executable_path/Frameworks",
					"@loader_path/Frameworks",
				);
				PRODUCT_BUNDLE_IDENTIFIER = "edu.ktu.Saitynas-AppUITests";
				PRODUCT_NAME = "$(TARGET_NAME)";
				SWIFT_VERSION = 5.0;
				TARGETED_DEVICE_FAMILY = "1,2";
				TEST_TARGET_NAME = Saitynas_App;
			};
			name = Debug;
		};
		86328E4426E68B6000A904DD /* Release */ = {
			isa = XCBuildConfiguration;
			baseConfigurationReference = FF74237CF5CCB6A64FACB0F1 /* Pods-Saitynas_App-Saitynas_AppUITests.release.xcconfig */;
			buildSettings = {
				ALWAYS_EMBED_SWIFT_STANDARD_LIBRARIES = YES;
				CODE_SIGN_STYLE = Automatic;
				DEVELOPMENT_TEAM = 23Q3TDVZ8T;
				INFOPLIST_FILE = Saitynas_AppUITests/Info.plist;
				LD_RUNPATH_SEARCH_PATHS = (
					"$(inherited)",
					"@executable_path/Frameworks",
					"@loader_path/Frameworks",
				);
				PRODUCT_BUNDLE_IDENTIFIER = "edu.ktu.Saitynas-AppUITests";
				PRODUCT_NAME = "$(TARGET_NAME)";
				SWIFT_VERSION = 5.0;
				TARGETED_DEVICE_FAMILY = "1,2";
				TEST_TARGET_NAME = Saitynas_App;
			};
			name = Release;
		};
/* End XCBuildConfiguration section */

/* Begin XCConfigurationList section */
		86328E1226E68B5F00A904DD /* Build configuration list for PBXProject "Saitynas_App" */ = {
			isa = XCConfigurationList;
			buildConfigurations = (
				86328E3A26E68B6000A904DD /* Debug */,
				86328E3B26E68B6000A904DD /* Release */,
			);
			defaultConfigurationIsVisible = 0;
			defaultConfigurationName = Release;
		};
		86328E3C26E68B6000A904DD /* Build configuration list for PBXNativeTarget "Saitynas_App" */ = {
			isa = XCConfigurationList;
			buildConfigurations = (
				86328E3D26E68B6000A904DD /* Debug */,
				86328E3E26E68B6000A904DD /* Release */,
			);
			defaultConfigurationIsVisible = 0;
			defaultConfigurationName = Release;
		};
		86328E3F26E68B6000A904DD /* Build configuration list for PBXNativeTarget "Saitynas_AppTests" */ = {
			isa = XCConfigurationList;
			buildConfigurations = (
				86328E4026E68B6000A904DD /* Debug */,
				86328E4126E68B6000A904DD /* Release */,
			);
			defaultConfigurationIsVisible = 0;
			defaultConfigurationName = Release;
		};
		86328E4226E68B6000A904DD /* Build configuration list for PBXNativeTarget "Saitynas_AppUITests" */ = {
			isa = XCConfigurationList;
			buildConfigurations = (
				86328E4326E68B6000A904DD /* Debug */,
				86328E4426E68B6000A904DD /* Release */,
			);
			defaultConfigurationIsVisible = 0;
			defaultConfigurationName = Release;
		};
/* End XCConfigurationList section */
	};
	rootObject = 86328E0F26E68B5F00A904DD /* Project object */;
}
